
Microsoft Visual Studio Solution File, Format Version 12.00
# Visual Studio Version 17
VisualStudioVersion = 17.0.32126.317
MinimumVisualStudioVersion = 10.0.40219.1
Project("{8BC9CEB8-8B4A-11D0-8D11-00A0C91BC942}") = "test_17（递归）编写函数求字符串长度", "test_17（递归）编写函数求字符串长度.vcxproj", "{EF8C7E69-33D6-425E-9006-CCCA1295F1A2}"
EndProject
Global
	GlobalSection(SolutionConfigurationPlatforms) = preSolution
		Debug|x64 = Debug|x64
		Debug|x86 = Debug|x86
		Release|x64 = Release|x64
		Release|x86 = Release|x86
	EndGlobalSection
	GlobalSection(ProjectConfigurationPlatforms) = postSolution
		{EF8C7E69-33D6-425E-9006-CCCA1295F1A2}.Debug|x64.ActiveCfg = Debug|x64
		{EF8C7E69-33D6-425E-9006-CCCA1295F1A2}.Debug|x64.Build.0 = Debug|x64
		{EF8C7E69-33D6-425E-9006-CCCA1295F1A2}.Debug|x86.ActiveCfg = Debug|Win32
		{EF8C7E69-33D6-425E-9006-CCCA1295F1A2}.Debug|x86.Build.0 = Debug|Win32
		{EF8C7E69-33D6-425E-9006-CCCA1295F1A2}.Release|x64.ActiveCfg = Release|x64
		{EF8C7E69-33D6-425E-9006-CCCA1295F1A2}.Release|x64.Build.0 = Release|x64
		{EF8C7E69-33D6-425E-9006-CCCA1295F1A2}.Release|x86.ActiveCfg = Release|Win32
		{EF8C7E69-33D6-425E-9006-CCCA1295F1A2}.Release|x86.Build.0 = Release|Win32
	EndGlobalSection
	GlobalSection(SolutionProperties) = preSolution
		HideSolutionNode = FALSE
	EndGlobalSection
	GlobalSection(ExtensibilityGlobals) = postSolution
		SolutionGuid = {5ED3CCEB-EF16-4622-BC6C-E51E36F144CB}
	EndGlobalSection
EndGlobal
