
Microsoft Visual Studio Solution File, Format Version 12.00
# Visual Studio Version 17
VisualStudioVersion = 17.0.32126.317
MinimumVisualStudioVersion = 10.0.40219.1
Project("{8BC9CEB8-8B4A-11D0-8D11-00A0C91BC942}") = "test_47 字符串", "test_47 字符串.vcxproj", "{AD22C12D-0760-4AAC-A400-C6DE3D17932C}"
EndProject
Global
	GlobalSection(SolutionConfigurationPlatforms) = preSolution
		Debug|x64 = Debug|x64
		Debug|x86 = Debug|x86
		Release|x64 = Release|x64
		Release|x86 = Release|x86
	EndGlobalSection
	GlobalSection(ProjectConfigurationPlatforms) = postSolution
		{AD22C12D-0760-4AAC-A400-C6DE3D17932C}.Debug|x64.ActiveCfg = Debug|x64
		{AD22C12D-0760-4AAC-A400-C6DE3D17932C}.Debug|x64.Build.0 = Debug|x64
		{AD22C12D-0760-4AAC-A400-C6DE3D17932C}.Debug|x86.ActiveCfg = Debug|Win32
		{AD22C12D-0760-4AAC-A400-C6DE3D17932C}.Debug|x86.Build.0 = Debug|Win32
		{AD22C12D-0760-4AAC-A400-C6DE3D17932C}.Release|x64.ActiveCfg = Release|x64
		{AD22C12D-0760-4AAC-A400-C6DE3D17932C}.Release|x64.Build.0 = Release|x64
		{AD22C12D-0760-4AAC-A400-C6DE3D17932C}.Release|x86.ActiveCfg = Release|Win32
		{AD22C12D-0760-4AAC-A400-C6DE3D17932C}.Release|x86.Build.0 = Release|Win32
	EndGlobalSection
	GlobalSection(SolutionProperties) = preSolution
		HideSolutionNode = FALSE
	EndGlobalSection
	GlobalSection(ExtensibilityGlobals) = postSolution
		SolutionGuid = {639D4354-03B3-4DEF-8662-65955BD47E6F}
	EndGlobalSection
EndGlobal
