
Microsoft Visual Studio Solution File, Format Version 12.00
# Visual Studio Version 17
VisualStudioVersion = 17.0.32126.317
MinimumVisualStudioVersion = 10.0.40219.1
Project("{8BC9CEB8-8B4A-11D0-8D11-00A0C91BC942}") = "test_35 嵌套结构体", "test_35 嵌套结构体.vcxproj", "{A2A2510A-2006-4C6B-8936-D74AD419024B}"
EndProject
Global
	GlobalSection(SolutionConfigurationPlatforms) = preSolution
		Debug|x64 = Debug|x64
		Debug|x86 = Debug|x86
		Release|x64 = Release|x64
		Release|x86 = Release|x86
	EndGlobalSection
	GlobalSection(ProjectConfigurationPlatforms) = postSolution
		{A2A2510A-2006-4C6B-8936-D74AD419024B}.Debug|x64.ActiveCfg = Debug|x64
		{A2A2510A-2006-4C6B-8936-D74AD419024B}.Debug|x64.Build.0 = Debug|x64
		{A2A2510A-2006-4C6B-8936-D74AD419024B}.Debug|x86.ActiveCfg = Debug|Win32
		{A2A2510A-2006-4C6B-8936-D74AD419024B}.Debug|x86.Build.0 = Debug|Win32
		{A2A2510A-2006-4C6B-8936-D74AD419024B}.Release|x64.ActiveCfg = Release|x64
		{A2A2510A-2006-4C6B-8936-D74AD419024B}.Release|x64.Build.0 = Release|x64
		{A2A2510A-2006-4C6B-8936-D74AD419024B}.Release|x86.ActiveCfg = Release|Win32
		{A2A2510A-2006-4C6B-8936-D74AD419024B}.Release|x86.Build.0 = Release|Win32
	EndGlobalSection
	GlobalSection(SolutionProperties) = preSolution
		HideSolutionNode = FALSE
	EndGlobalSection
	GlobalSection(ExtensibilityGlobals) = postSolution
		SolutionGuid = {5176F205-C834-495F-BC38-A9800A99E335}
	EndGlobalSection
EndGlobal
