
Microsoft Visual Studio Solution File, Format Version 12.00
# Visual Studio Version 17
VisualStudioVersion = 17.0.32126.317
MinimumVisualStudioVersion = 10.0.40219.1
Project("{8BC9CEB8-8B4A-11D0-8D11-00A0C91BC942}") = "test_34 指针数组，数组指针", "test_34 指针数组，数组指针.vcxproj", "{55AEB0C6-0D1B-4F33-8D00-15374BD6A451}"
EndProject
Global
	GlobalSection(SolutionConfigurationPlatforms) = preSolution
		Debug|x64 = Debug|x64
		Debug|x86 = Debug|x86
		Release|x64 = Release|x64
		Release|x86 = Release|x86
	EndGlobalSection
	GlobalSection(ProjectConfigurationPlatforms) = postSolution
		{55AEB0C6-0D1B-4F33-8D00-15374BD6A451}.Debug|x64.ActiveCfg = Debug|x64
		{55AEB0C6-0D1B-4F33-8D00-15374BD6A451}.Debug|x64.Build.0 = Debug|x64
		{55AEB0C6-0D1B-4F33-8D00-15374BD6A451}.Debug|x86.ActiveCfg = Debug|Win32
		{55AEB0C6-0D1B-4F33-8D00-15374BD6A451}.Debug|x86.Build.0 = Debug|Win32
		{55AEB0C6-0D1B-4F33-8D00-15374BD6A451}.Release|x64.ActiveCfg = Release|x64
		{55AEB0C6-0D1B-4F33-8D00-15374BD6A451}.Release|x64.Build.0 = Release|x64
		{55AEB0C6-0D1B-4F33-8D00-15374BD6A451}.Release|x86.ActiveCfg = Release|Win32
		{55AEB0C6-0D1B-4F33-8D00-15374BD6A451}.Release|x86.Build.0 = Release|Win32
	EndGlobalSection
	GlobalSection(SolutionProperties) = preSolution
		HideSolutionNode = FALSE
	EndGlobalSection
	GlobalSection(ExtensibilityGlobals) = postSolution
		SolutionGuid = {542A5C2B-93A7-47CE-917A-2BE39A90AE62}
	EndGlobalSection
EndGlobal
