
Microsoft Visual Studio Solution File, Format Version 12.00
# Visual Studio Version 17
VisualStudioVersion = 17.0.32126.317
MinimumVisualStudioVersion = 10.0.40219.1
Project("{8BC9CEB8-8B4A-11D0-8D11-00A0C91BC942}") = "test_43 数组指针", "test_43 数组指针.vcxproj", "{92F3BE47-33D7-40F8-8D2F-EA5D22941B5D}"
EndProject
Global
	GlobalSection(SolutionConfigurationPlatforms) = preSolution
		Debug|x64 = Debug|x64
		Debug|x86 = Debug|x86
		Release|x64 = Release|x64
		Release|x86 = Release|x86
	EndGlobalSection
	GlobalSection(ProjectConfigurationPlatforms) = postSolution
		{92F3BE47-33D7-40F8-8D2F-EA5D22941B5D}.Debug|x64.ActiveCfg = Debug|x64
		{92F3BE47-33D7-40F8-8D2F-EA5D22941B5D}.Debug|x64.Build.0 = Debug|x64
		{92F3BE47-33D7-40F8-8D2F-EA5D22941B5D}.Debug|x86.ActiveCfg = Debug|Win32
		{92F3BE47-33D7-40F8-8D2F-EA5D22941B5D}.Debug|x86.Build.0 = Debug|Win32
		{92F3BE47-33D7-40F8-8D2F-EA5D22941B5D}.Release|x64.ActiveCfg = Release|x64
		{92F3BE47-33D7-40F8-8D2F-EA5D22941B5D}.Release|x64.Build.0 = Release|x64
		{92F3BE47-33D7-40F8-8D2F-EA5D22941B5D}.Release|x86.ActiveCfg = Release|Win32
		{92F3BE47-33D7-40F8-8D2F-EA5D22941B5D}.Release|x86.Build.0 = Release|Win32
	EndGlobalSection
	GlobalSection(SolutionProperties) = preSolution
		HideSolutionNode = FALSE
	EndGlobalSection
	GlobalSection(ExtensibilityGlobals) = postSolution
		SolutionGuid = {21FFE074-DD07-4AF3-87AA-5E1BE8F3EBEE}
	EndGlobalSection
EndGlobal
